%{"amqp": {:hex, :amqp, "0.2.0-pre.2", "01863a61a5db3a370a5d1668e4730669962f204de19f6e915a07550f16c3d3f9", [:mix], [{:amqp_client, "~> 3.6.7-pre.1", [hex: :amqp_client, optional: false]}, {:rabbit_common, "~> 3.6.7-pre.1", [hex: :rabbit_common, optional: false]}]},
  "amqp_client": {:hex, :amqp_client, "3.6.7-pre.1", "5d689656443cf652a0114806e7e2f5c63ceac4d768382ffa08570a246f0e8eaf", [:make, :rebar3], [{:rabbit_common, "3.6.7-pre.1", [hex: :rabbit_common, optional: false]}]},
  "bunt": {:hex, :bunt, "0.2.0", "951c6e801e8b1d2cbe58ebbd3e616a869061ddadcc4863d0a2182541acae9a38", [:mix], []},
  "connection": {:hex, :connection, "1.0.4", "a1cae72211f0eef17705aaededacac3eb30e6625b04a6117c1b2db6ace7d5976", [:mix], []},
  "credo": {:hex, :credo, "0.6.1", "a941e2591bd2bd2055dc92b810c174650b40b8290459c89a835af9d59ac4a5f8", [:mix], [{:bunt, "~> 0.2.0", [hex: :bunt, optional: false]}]},
  "db_connection": {:hex, :db_connection, "1.1.1", "f9d246e8f65b9490945cf7360875eee18fcec9a0115207603215eb1fd94c39ef", [:mix], [{:connection, "~> 1.0.2", [hex: :connection, optional: false]}, {:poolboy, "~> 1.5", [hex: :poolboy, optional: true]}, {:sbroker, "~> 1.0", [hex: :sbroker, optional: true]}]},
  "decimal": {:hex, :decimal, "1.3.1", "157b3cedb2bfcb5359372a7766dd7a41091ad34578296e951f58a946fcab49c6", [:mix], []},
  "earmark": {:hex, :earmark, "1.1.1", "433136b7f2e99cde88b745b3a0cfc3fbc81fe58b918a09b40fce7f00db4d8187", [:mix], []},
  "ex_doc": {:hex, :ex_doc, "0.15.0", "e73333785eef3488cf9144a6e847d3d647e67d02bd6fdac500687854dd5c599f", [:mix], [{:earmark, "~> 1.1", [hex: :earmark, optional: false]}]},
  "exreg": {:hex, :exreg, "0.0.3", "cd7c036d4be06260a7a48159d801b67920ec4103b845cb27efef52a6e814a23c", [:mix], []},
  "inch_ex": {:hex, :inch_ex, "0.5.6", "418357418a553baa6d04eccd1b44171936817db61f4c0840112b420b8e378e67", [:mix], [{:poison, "~> 1.5 or ~> 2.0 or ~> 3.0", [hex: :poison, optional: false]}]},
  "phoenix_pubsub": {:hex, :phoenix_pubsub, "1.0.1", "c10ddf6237007c804bf2b8f3c4d5b99009b42eca3a0dfac04ea2d8001186056a", [:mix], []},
  "poison": {:hex, :poison, "3.1.0", "d9eb636610e096f86f25d9a46f35a9facac35609a7591b3be3326e99a0484665", [:mix], []},
  "poolboy": {:hex, :poolboy, "1.5.1", "6b46163901cfd0a1b43d692657ed9d7e599853b3b21b95ae5ae0a777cf9b6ca8", [:rebar], []},
  "postgrex": {:hex, :postgrex, "0.13.2", "2b88168fc6a5456a27bfb54ccf0ba4025d274841a7a3af5e5deb1b755d95154e", [:mix], [{:connection, "~> 1.0", [hex: :connection, optional: false]}, {:db_connection, "~> 1.1", [hex: :db_connection, optional: false]}, {:decimal, "~> 1.0", [hex: :decimal, optional: false]}]},
  "rabbit_common": {:hex, :rabbit_common, "3.6.7-pre.1", "cd8503e4176b5187e168c73d4f703aaf50de4e2b49e8a71df78370a8b6cf7d5b", [:make], []},
  "redix": {:hex, :redix, "0.5.1", "2bf874a186cc759791b8defdd0bfaa752784716bd48241f6aa972a20e7f95745", [:mix], [{:connection, "~> 1.0", [hex: :connection, optional: false]}]},
  "redix_pubsub": {:hex, :redix_pubsub, "0.2.0", "c42660d538698ca0b6a3bd671fac42e948402cdc3223e53db875891dd5446497", [:mix], [{:connection, "~> 1.0", [hex: :connection, optional: false]}, {:redix, "~> 0.5.0", [hex: :redix, optional: false]}]},
  "uuid": {:hex, :uuid, "1.1.6", "4927232f244e69c6e255643014c2d639dad5b8313dc2a6976ee1c3724e6ca60d", [:mix], []},
  "version_check": {:hex, :version_check, "0.1.2", "72f5631b112dbe1755f77cb1a7750f8cb8f7dcd450b394647cfd3f212c8dbbea", [:mix], []},
  "y_process": {:hex, :y_process, "0.2.2", "89596fb4128d34d6cd828df34437aae807756767f1b18fe8bf6685cc72ec5248", [:mix], [{:phoenix_pubsub, "~> 1.0", [hex: :phoenix_pubsub, optional: false]}]}}
