%{"amqp": {:hex, :amqp, "0.2.0-pre.1", "55b7755ea840ee0beb194f891736323ef7059e8beda2c240ee07730338157114", [:mix], [{:amqp_client, "~> 3.6.7-pre.1", [hex: :amqp_client, optional: false]}]},
  "amqp_client": {:hex, :amqp_client, "3.6.7-pre.1", "5d689656443cf652a0114806e7e2f5c63ceac4d768382ffa08570a246f0e8eaf", [:make, :rebar3], [{:rabbit_common, "3.6.7-pre.1", [hex: :rabbit_common, optional: false]}]},
  "bunt": {:hex, :bunt, "0.1.6", "5d95a6882f73f3b9969fdfd1953798046664e6f77ec4e486e6fafc7caad97c6f", [:mix], []},
  "connection": {:hex, :connection, "1.0.4", "a1cae72211f0eef17705aaededacac3eb30e6625b04a6117c1b2db6ace7d5976", [:mix], []},
  "credo": {:hex, :credo, "0.5.3", "0c405b36e7651245a8ed63c09e2d52c2e2b89b6d02b1570c4d611e0fcbecf4a2", [:mix], [{:bunt, "~> 0.1.6", [hex: :bunt, optional: false]}]},
  "db_connection": {:hex, :db_connection, "1.1.0", "b2b88db6d7d12f99997b584d09fad98e560b817a20dab6a526830e339f54cdb3", [:mix], [{:connection, "~> 1.0.2", [hex: :connection, optional: false]}, {:poolboy, "~> 1.5", [hex: :poolboy, optional: true]}, {:sbroker, "~> 1.0", [hex: :sbroker, optional: true]}]},
  "decimal": {:hex, :decimal, "1.3.1", "157b3cedb2bfcb5359372a7766dd7a41091ad34578296e951f58a946fcab49c6", [:mix], []},
  "earmark": {:hex, :earmark, "1.0.3", "89bdbaf2aca8bbb5c97d8b3b55c5dd0cff517ecc78d417e87f1d0982e514557b", [:mix], []},
  "ex_doc": {:hex, :ex_doc, "0.14.5", "c0433c8117e948404d93ca69411dd575ec6be39b47802e81ca8d91017a0cf83c", [:mix], [{:earmark, "~> 1.0", [hex: :earmark, optional: false]}]},
  "exreg": {:hex, :exreg, "0.0.3", "cd7c036d4be06260a7a48159d801b67920ec4103b845cb27efef52a6e814a23c", [:mix], []},
  "inch_ex": {:hex, :inch_ex, "0.5.5", "b63f57e281467bd3456461525fdbc9e158c8edbe603da6e3e4671befde796a3d", [:mix], [{:poison, "~> 1.5 or ~> 2.0 or ~> 3.0", [hex: :poison, optional: false]}]},
  "phoenix_pubsub": {:hex, :phoenix_pubsub, "1.0.1", "c10ddf6237007c804bf2b8f3c4d5b99009b42eca3a0dfac04ea2d8001186056a", [:mix], []},
  "poison": {:hex, :poison, "3.0.0", "625ebd64d33ae2e65201c2c14d6c85c27cc8b68f2d0dd37828fde9c6920dd131", [:mix], []},
  "poolboy": {:hex, :poolboy, "1.5.1", "6b46163901cfd0a1b43d692657ed9d7e599853b3b21b95ae5ae0a777cf9b6ca8", [:rebar], []},
  "postgrex": {:hex, :postgrex, "0.13.0", "e101ab47d0725955c5c8830ae8812412992e02e4bd9db09e17abb0a5d82d09c7", [:mix], [{:connection, "~> 1.0", [hex: :connection, optional: false]}, {:db_connection, "~> 1.1", [hex: :db_connection, optional: false]}, {:decimal, "~> 1.0", [hex: :decimal, optional: false]}]},
  "rabbit_common": {:hex, :rabbit_common, "3.6.7-pre.1", "cd8503e4176b5187e168c73d4f703aaf50de4e2b49e8a71df78370a8b6cf7d5b", [:make], []},
  "redix": {:hex, :redix, "0.5.0", "46b81bdad24d4a330cd9f9eb26d6da6c40c8e5d1ce0c1607a82b4739f8f678c4", [:mix], [{:connection, "~> 1.0", [hex: :connection, optional: false]}]},
  "redix_pubsub": {:hex, :redix_pubsub, "0.2.0", "c42660d538698ca0b6a3bd671fac42e948402cdc3223e53db875891dd5446497", [:mix], [{:connection, "~> 1.0", [hex: :connection, optional: false]}, {:redix, "~> 0.5.0", [hex: :redix, optional: false]}]},
  "uuid": {:hex, :uuid, "1.1.6", "4927232f244e69c6e255643014c2d639dad5b8313dc2a6976ee1c3724e6ca60d", [:mix], []},
  "version_check": {:hex, :version_check, "0.1.2", "72f5631b112dbe1755f77cb1a7750f8cb8f7dcd450b394647cfd3f212c8dbbea", [:mix], []},
  "y_process": {:hex, :y_process, "0.2.2", "89596fb4128d34d6cd828df34437aae807756767f1b18fe8bf6685cc72ec5248", [:mix], [{:phoenix_pubsub, "~> 1.0", [hex: :phoenix_pubsub, optional: false]}]}}
